
Microsoft Visual Studio Solution File, Format Version 12.00
# Visual Studio Version 16
VisualStudioVersion = 16.0.32106.194
MinimumVisualStudioVersion = 10.0.40219.1
Project("{FAE04EC0-301F-11D3-BF4B-00C04F79EFBC}") = "SmartEnterpriseRestAPI", "SmartEnterpriseRestAPI\SmartEnterpriseRestAPI.csproj", "{ED5392C7-B22B-4721-98B8-BA1335C7C0E7}"
EndProject
Global
	GlobalSection(SolutionConfigurationPlatforms) = preSolution
		Debug|Any CPU = Debug|Any CPU
		Release|Any CPU = Release|Any CPU
	EndGlobalSection
	GlobalSection(ProjectConfigurationPlatforms) = postSolution
		{ED5392C7-B22B-4721-98B8-BA1335C7C0E7}.Debug|Any CPU.ActiveCfg = Debug|Any CPU
		{ED5392C7-B22B-4721-98B8-BA1335C7C0E7}.Debug|Any CPU.Build.0 = Debug|Any CPU
		{ED5392C7-B22B-4721-98B8-BA1335C7C0E7}.Release|Any CPU.ActiveCfg = Release|Any CPU
		{ED5392C7-B22B-4721-98B8-BA1335C7C0E7}.Release|Any CPU.Build.0 = Release|Any CPU
	EndGlobalSection
	GlobalSection(SolutionProperties) = preSolution
		HideSolutionNode = FALSE
	EndGlobalSection
	GlobalSection(ExtensibilityGlobals) = postSolution
		SolutionGuid = {B35E2B46-4940-4717-99DD-79A79DBE21FC}
	EndGlobalSection
EndGlobal
